
Microsoft Visual Studio Solution File, Format Version 12.00
# Visual Studio Version 16
VisualStudioVersion = 16.0.29519.181
MinimumVisualStudioVersion = 10.0.40219.1
Project("{9A19103F-16F7-4668-BE54-9A1E7A4F7556}") = "DelegateUse", "DelegateUse.csproj", "{3C5F3C4A-0AD7-44D8-921B-D8E134257EB1}"
EndProject
Project("{9A19103F-16F7-4668-BE54-9A1E7A4F7556}") = "MulticastDelegate", "MulticastDelegate\MulticastDelegate.csproj", "{5C840016-9FA3-4DB2-9081-4FC005996076}"
EndProject
Project("{FAE04EC0-301F-11D3-BF4B-00C04F79EFBC}") = "InheritanceConcept", "InheritanceConcept\InheritanceConcept.csproj", "{5FFD3C25-B706-40C1-9D1A-DB9E90A22E74}"
EndProject
Global
	GlobalSection(SolutionConfigurationPlatforms) = preSolution
		Debug|Any CPU = Debug|Any CPU
		Release|Any CPU = Release|Any CPU
	EndGlobalSection
	GlobalSection(ProjectConfigurationPlatforms) = postSolution
		{3C5F3C4A-0AD7-44D8-921B-D8E134257EB1}.Debug|Any CPU.ActiveCfg = Debug|Any CPU
		{3C5F3C4A-0AD7-44D8-921B-D8E134257EB1}.Debug|Any CPU.Build.0 = Debug|Any CPU
		{3C5F3C4A-0AD7-44D8-921B-D8E134257EB1}.Release|Any CPU.ActiveCfg = Release|Any CPU
		{3C5F3C4A-0AD7-44D8-921B-D8E134257EB1}.Release|Any CPU.Build.0 = Release|Any CPU
		{5C840016-9FA3-4DB2-9081-4FC005996076}.Debug|Any CPU.ActiveCfg = Debug|Any CPU
		{5C840016-9FA3-4DB2-9081-4FC005996076}.Debug|Any CPU.Build.0 = Debug|Any CPU
		{5C840016-9FA3-4DB2-9081-4FC005996076}.Release|Any CPU.ActiveCfg = Release|Any CPU
		{5C840016-9FA3-4DB2-9081-4FC005996076}.Release|Any CPU.Build.0 = Release|Any CPU
		{5FFD3C25-B706-40C1-9D1A-DB9E90A22E74}.Debug|Any CPU.ActiveCfg = Debug|Any CPU
		{5FFD3C25-B706-40C1-9D1A-DB9E90A22E74}.Debug|Any CPU.Build.0 = Debug|Any CPU
		{5FFD3C25-B706-40C1-9D1A-DB9E90A22E74}.Release|Any CPU.ActiveCfg = Release|Any CPU
		{5FFD3C25-B706-40C1-9D1A-DB9E90A22E74}.Release|Any CPU.Build.0 = Release|Any CPU
	EndGlobalSection
	GlobalSection(SolutionProperties) = preSolution
		HideSolutionNode = FALSE
	EndGlobalSection
	GlobalSection(ExtensibilityGlobals) = postSolution
		SolutionGuid = {A5483D2A-2B9F-4124-8280-14323CEC57C3}
	EndGlobalSection
EndGlobal
